// !$*UTF8*$!
{
	archiveVersion = 1;
	classes = {
	};
	objectVersion = 50;
	objects = {

/* Begin PBXBuildFile section */
		AD68F4352557F4BD0079A85A /* AppDelegate.swift in Sources */ = {isa = PBXBuildFile; fileRef = AD68F4342557F4BD0079A85A /* AppDelegate.swift */; };
		AD68F4372557F4BD0079A85A /* SceneDelegate.swift in Sources */ = {isa = PBXBuildFile; fileRef = AD68F4362557F4BD0079A85A /* SceneDelegate.swift */; };
		AD68F4392557F4BD0079A85A /* ViewController.swift in Sources */ = {isa = PBXBuildFile; fileRef = AD68F4382557F4BD0079A85A /* ViewController.swift */; };
		AD68F43C2557F4BD0079A85A /* Main.storyboard in Resources */ = {isa = PBXBuildFile; fileRef = AD68F43A2557F4BD0079A85A /* Main.storyboard */; };
		AD68F43E2557F4BF0079A85A /* Assets.xcassets in Resources */ = {isa = PBXBuildFile; fileRef = AD68F43D2557F4BF0079A85A /* Assets.xcassets */; };
		AD68F4412557F4BF0079A85A /* LaunchScreen.storyboard in Resources */ = {isa = PBXBuildFile; fileRef = AD68F43F2557F4BF0079A85A /* LaunchScreen.storyboard */; };
		AD68F44C2557F4C00079A85A /* WechselnTests.swift in Sources */ = {isa = PBXBuildFile; fileRef = AD68F44B2557F4C00079A85A /* WechselnTests.swift */; };
		AD68F4572557F4C00079A85A /* WechselnUITests.swift in Sources */ = {isa = PBXBuildFile; fileRef = AD68F4562557F4C00079A85A /* WechselnUITests.swift */; };
/* End PBXBuildFile section */

/* Begin PBXContainerItemProxy section */
		AD68F4482557F4C00079A85A /* PBXContainerItemProxy */ = {
			isa = PBXContainerItemProxy;
			containerPortal = AD68F4292557F4BD0079A85A /* Project object */;
			proxyType = 1;
			remoteGlobalIDString = AD68F4302557F4BD0079A85A;
			remoteInfo = Wechseln;
		};
		AD68F4532557F4C00079A85A /* PBXContainerItemProxy */ = {
			isa = PBXContainerItemProxy;
			containerPortal = AD68F4292557F4BD0079A85A /* Project object */;
			proxyType = 1;
			remoteGlobalIDString = AD68F4302557F4BD0079A85A;
			remoteInfo = Wechseln;
		};
/* End PBXContainerItemProxy section */

/* Begin PBXFileReference section */
		AD68F4312557F4BD0079A85A /* Wechseln.app */ = {isa = PBXFileReference; explicitFileType = wrapper.application; includeInIndex = 0; path = Wechseln.app; sourceTree = BUILT_PRODUCTS_DIR; };
		AD68F4342557F4BD0079A85A /* AppDelegate.swift */ = {isa = PBXFileReference; lastKnownFileType = sourcecode.swift; path = AppDelegate.swift; sourceTree = "<group>"; };
		AD68F4362557F4BD0079A85A /* SceneDelegate.swift */ = {isa = PBXFileReference; lastKnownFileType = sourcecode.swift; path = SceneDelegate.swift; sourceTree = "<group>"; };
		AD68F4382557F4BD0079A85A /* ViewController.swift */ = {isa = PBXFileReference; lastKnownFileType = sourcecode.swift; path = ViewController.swift; sourceTree = "<group>"; };
		AD68F43B2557F4BD0079A85A /* Base */ = {isa = PBXFileReference; lastKnownFileType = file.storyboard; name = Base; path = Base.lproj/Main.storyboard; sourceTree = "<group>"; };
		AD68F43D2557F4BF0079A85A /* Assets.xcassets */ = {isa = PBXFileReference; lastKnownFileType = folder.assetcatalog; path = Assets.xcassets; sourceTree = "<group>"; };
		AD68F4402557F4BF0079A85A /* Base */ = {isa = PBXFileReference; lastKnownFileType = file.storyboard; name = Base; path = Base.lproj/LaunchScreen.storyboard; sourceTree = "<group>"; };
		AD68F4422557F4BF0079A85A /* Info.plist */ = {isa = PBXFileReference; lastKnownFileType = text.plist.xml; path = Info.plist; sourceTree = "<group>"; };
		AD68F4472557F4C00079A85A /* WechselnTests.xctest */ = {isa = PBXFileReference; explicitFileType = wrapper.cfbundle; includeInIndex = 0; path = WechselnTests.xctest; sourceTree = BUILT_PRODUCTS_DIR; };
		AD68F44B2557F4C00079A85A /* WechselnTests.swift */ = {isa = PBXFileReference; lastKnownFileType = sourcecode.swift; path = WechselnTests.swift; sourceTree = "<group>"; };
		AD68F44D2557F4C00079A85A /* Info.plist */ = {isa = PBXFileReference; lastKnownFileType = text.plist.xml; path = Info.plist; sourceTree = "<group>"; };
		AD68F4522557F4C00079A85A /* WechselnUITests.xctest */ = {isa = PBXFileReference; explicitFileType = wrapper.cfbundle; includeInIndex = 0; path = WechselnUITests.xctest; sourceTree = BUILT_PRODUCTS_DIR; };
		AD68F4562557F4C00079A85A /* WechselnUITests.swift */ = {isa = PBXFileReference; lastKnownFileType = sourcecode.swift; path = WechselnUITests.swift; sourceTree = "<group>"; };
		AD68F4582557F4C00079A85A /* Info.plist */ = {isa = PBXFileReference; lastKnownFileType = text.plist.xml; path = Info.plist; sourceTree = "<group>"; };
/* End PBXFileReference section */

/* Begin PBXFrameworksBuildPhase section */
		AD68F42E2557F4BD0079A85A /* Frameworks */ = {
			isa = PBXFrameworksBuildPhase;
			buildActionMask = 2147483647;
			files = (
			);
			runOnlyForDeploymentPostprocessing = 0;
		};
		AD68F4442557F4C00079A85A /* Frameworks */ = {
			isa = PBXFrameworksBuildPhase;
			buildActionMask = 2147483647;
			files = (
			);
			runOnlyForDeploymentPostprocessing = 0;
		};
		AD68F44F2557F4C00079A85A /* Frameworks */ = {
			isa = PBXFrameworksBuildPhase;
			buildActionMask = 2147483647;
			files = (
			);
			runOnlyForDeploymentPostprocessing = 0;
		};
/* End PBXFrameworksBuildPhase section */

/* Begin PBXGroup section */
		AD68F4282557F4BD0079A85A = {
			isa = PBXGroup;
			children = (
				AD68F4332557F4BD0079A85A /* Wechseln */,
				AD68F44A2557F4C00079A85A /* WechselnTests */,
				AD68F4552557F4C00079A85A /* WechselnUITests */,
				AD68F4322557F4BD0079A85A /* Products */,
			);
			sourceTree = "<group>";
		};
		AD68F4322557F4BD0079A85A /* Products */ = {
			isa = PBXGroup;
			children = (
				AD68F4312557F4BD0079A85A /* Wechseln.app */,
				AD68F4472557F4C00079A85A /* WechselnTests.xctest */,
				AD68F4522557F4C00079A85A /* WechselnUITests.xctest */,
			);
			name = Products;
			sourceTree = "<group>";
		};
		AD68F4332557F4BD0079A85A /* Wechseln */ = {
			isa = PBXGroup;
			children = (
				AD68F4342557F4BD0079A85A /* AppDelegate.swift */,
				AD68F4362557F4BD0079A85A /* SceneDelegate.swift */,
				AD68F4382557F4BD0079A85A /* ViewController.swift */,
				AD68F43A2557F4BD0079A85A /* Main.storyboard */,
				AD68F43D2557F4BF0079A85A /* Assets.xcassets */,
				AD68F43F2557F4BF0079A85A /* LaunchScreen.storyboard */,
				AD68F4422557F4BF0079A85A /* Info.plist */,
			);
			path = Wechseln;
			sourceTree = "<group>";
		};
		AD68F44A2557F4C00079A85A /* WechselnTests */ = {
			isa = PBXGroup;
			children = (
				AD68F44B2557F4C00079A85A /* WechselnTests.swift */,
				AD68F44D2557F4C00079A85A /* Info.plist */,
			);
			path = WechselnTests;
			sourceTree = "<group>";
		};
		AD68F4552557F4C00079A85A /* WechselnUITests */ = {
			isa = PBXGroup;
			children = (
				AD68F4562557F4C00079A85A /* WechselnUITests.swift */,
				AD68F4582557F4C00079A85A /* Info.plist */,
			);
			path = WechselnUITests;
			sourceTree = "<group>";
		};
/* End PBXGroup section */

/* Begin PBXNativeTarget section */
		AD68F4302557F4BD0079A85A /* Wechseln */ = {
			isa = PBXNativeTarget;
			buildConfigurationList = AD68F45B2557F4C00079A85A /* Build configuration list for PBXNativeTarget "Wechseln" */;
			buildPhases = (
				AD68F42D2557F4BD0079A85A /* Sources */,
				AD68F42E2557F4BD0079A85A /* Frameworks */,
				AD68F42F2557F4BD0079A85A /* Resources */,
			);
			buildRules = (
			);
			dependencies = (
			);
			name = Wechseln;
			productName = Wechseln;
			productReference = AD68F4312557F4BD0079A85A /* Wechseln.app */;
			productType = "com.apple.product-type.application";
		};
		AD68F4462557F4C00079A85A /* WechselnTests */ = {
			isa = PBXNativeTarget;
			buildConfigurationList = AD68F45E2557F4C00079A85A /* Build configuration list for PBXNativeTarget "WechselnTests" */;
			buildPhases = (
				AD68F4432557F4C00079A85A /* Sources */,
				AD68F4442557F4C00079A85A /* Frameworks */,
				AD68F4452557F4C00079A85A /* Resources */,
			);
			buildRules = (
			);
			dependencies = (
				AD68F4492557F4C00079A85A /* PBXTargetDependency */,
			);
			name = WechselnTests;
			productName = WechselnTests;
			productReference = AD68F4472557F4C00079A85A /* WechselnTests.xctest */;
			productType = "com.apple.product-type.bundle.unit-test";
		};
		AD68F4512557F4C00079A85A /* WechselnUITests */ = {
			isa = PBXNativeTarget;
			buildConfigurationList = AD68F4612557F4C00079A85A /* Build configuration list for PBXNativeTarget "WechselnUITests" */;
			buildPhases = (
				AD68F44E2557F4C00079A85A /* Sources */,
				AD68F44F2557F4C00079A85A /* Frameworks */,
				AD68F4502557F4C00079A85A /* Resources */,
			);
			buildRules = (
			);
			dependencies = (
				AD68F4542557F4C00079A85A /* PBXTargetDependency */,
			);
			name = WechselnUITests;
			productName = WechselnUITests;
			productReference = AD68F4522557F4C00079A85A /* WechselnUITests.xctest */;
			productType = "com.apple.product-type.bundle.ui-testing";
		};
/* End PBXNativeTarget section */

/* Begin PBXProject section */
		AD68F4292557F4BD0079A85A /* Project object */ = {
			isa = PBXProject;
			attributes = {
				LastSwiftUpdateCheck = 1160;
				LastUpgradeCheck = 1160;
				ORGANIZATIONNAME = Home;
				TargetAttributes = {
					AD68F4302557F4BD0079A85A = {
						CreatedOnToolsVersion = 11.6;
					};
					AD68F4462557F4C00079A85A = {
						CreatedOnToolsVersion = 11.6;
						TestTargetID = AD68F4302557F4BD0079A85A;
					};
					AD68F4512557F4C00079A85A = {
						CreatedOnToolsVersion = 11.6;
						TestTargetID = AD68F4302557F4BD0079A85A;
					};
				};
			};
			buildConfigurationList = AD68F42C2557F4BD0079A85A /* Build configuration list for PBXProject "Wechseln" */;
			compatibilityVersion = "Xcode 9.3";
			developmentRegion = en;
			hasScannedForEncodings = 0;
			knownRegions = (
				en,
				Base,
			);
			mainGroup = AD68F4282557F4BD0079A85A;
			productRefGroup = AD68F4322557F4BD0079A85A /* Products */;
			projectDirPath = "";
			projectRoot = "";
			targets = (
				AD68F4302557F4BD0079A85A /* Wechseln */,
				AD68F4462557F4C00079A85A /* WechselnTests */,
				AD68F4512557F4C00079A85A /* WechselnUITests */,
			);
		};
/* End PBXProject section */

/* Begin PBXResourcesBuildPhase section */
		AD68F42F2557F4BD0079A85A /* Resources */ = {
			isa = PBXResourcesBuildPhase;
			buildActionMask = 2147483647;
			files = (
				AD68F4412557F4BF0079A85A /* LaunchScreen.storyboard in Resources */,
				AD68F43E2557F4BF0079A85A /* Assets.xcassets in Resources */,
				AD68F43C2557F4BD0079A85A /* Main.storyboard in Resources */,
			);
			runOnlyForDeploymentPostprocessing = 0;
		};
		AD68F4452557F4C00079A85A /* Resources */ = {
			isa = PBXResourcesBuildPhase;
			buildActionMask = 2147483647;
			files = (
			);
			runOnlyForDeploymentPostprocessing = 0;
		};
		AD68F4502557F4C00079A85A /* Resources */ = {
			isa = PBXResourcesBuildPhase;
			buildActionMask = 2147483647;
			files = (
			);
			runOnlyForDeploymentPostprocessing = 0;
		};
/* End PBXResourcesBuildPhase section */

/* Begin PBXSourcesBuildPhase section */
		AD68F42D2557F4BD0079A85A /* Sources */ = {
			isa = PBXSourcesBuildPhase;
			buildActionMask = 2147483647;
			files = (
				AD68F4392557F4BD0079A85A /* ViewController.swift in Sources */,
				AD68F4352557F4BD0079A85A /* AppDelegate.swift in Sources */,
				AD68F4372557F4BD0079A85A /* SceneDelegate.swift in Sources */,
			);
			runOnlyForDeploymentPostprocessing = 0;
		};
		AD68F4432557F4C00079A85A /* Sources */ = {
			isa = PBXSourcesBuildPhase;
			buildActionMask = 2147483647;
			files = (
				AD68F44C2557F4C00079A85A /* WechselnTests.swift in Sources */,
			);
			runOnlyForDeploymentPostprocessing = 0;
		};
		AD68F44E2557F4C00079A85A /* Sources */ = {
			isa = PBXSourcesBuildPhase;
			buildActionMask = 2147483647;
			files = (
				AD68F4572557F4C00079A85A /* WechselnUITests.swift in Sources */,
			);
			runOnlyForDeploymentPostprocessing = 0;
		};
/* End PBXSourcesBuildPhase section */

/* Begin PBXTargetDependency section */
		AD68F4492557F4C00079A85A /* PBXTargetDependency */ = {
			isa = PBXTargetDependency;
			target = AD68F4302557F4BD0079A85A /* Wechseln */;
			targetProxy = AD68F4482557F4C00079A85A /* PBXContainerItemProxy */;
		};
		AD68F4542557F4C00079A85A /* PBXTargetDependency */ = {
			isa = PBXTargetDependency;
			target = AD68F4302557F4BD0079A85A /* Wechseln */;
			targetProxy = AD68F4532557F4C00079A85A /* PBXContainerItemProxy */;
		};
/* End PBXTargetDependency section */

/* Begin PBXVariantGroup section */
		AD68F43A2557F4BD0079A85A /* Main.storyboard */ = {
			isa = PBXVariantGroup;
			children = (
				AD68F43B2557F4BD0079A85A /* Base */,
			);
			name = Main.storyboard;
			sourceTree = "<group>";
		};
		AD68F43F2557F4BF0079A85A /* LaunchScreen.storyboard */ = {
			isa = PBXVariantGroup;
			children = (
				AD68F4402557F4BF0079A85A /* Base */,
			);
			name = LaunchScreen.storyboard;
			sourceTree = "<group>";
		};
/* End PBXVariantGroup section */

/* Begin XCBuildConfiguration section */
		AD68F4592557F4C00079A85A /* Debug */ = {
			isa = XCBuildConfiguration;
			buildSettings = {
				ALWAYS_SEARCH_USER_PATHS = NO;
				CLANG_ANALYZER_NONNULL = YES;
				CLANG_ANALYZER_NUMBER_OBJECT_CONVERSION = YES_AGGRESSIVE;
				CLANG_CXX_LANGUAGE_STANDARD = "gnu++14";
				CLANG_CXX_LIBRARY = "libc++";
				CLANG_ENABLE_MODULES = YES;
				CLANG_ENABLE_OBJC_ARC = YES;
				CLANG_ENABLE_OBJC_WEAK = YES;
				CLANG_WARN_BLOCK_CAPTURE_AUTORELEASING = YES;
				CLANG_WARN_BOOL_CONVERSION = YES;
				CLANG_WARN_COMMA = YES;
				CLANG_WARN_CONSTANT_CONVERSION = YES;
				CLANG_WARN_DEPRECATED_OBJC_IMPLEMENTATIONS = YES;
				CLANG_WARN_DIRECT_OBJC_ISA_USAGE = YES_ERROR;
				CLANG_WARN_DOCUMENTATION_COMMENTS = YES;
				CLANG_WARN_EMPTY_BODY = YES;
				CLANG_WARN_ENUM_CONVERSION = YES;
				CLANG_WARN_INFINITE_RECURSION = YES;
				CLANG_WARN_INT_CONVERSION = YES;
				CLANG_WARN_NON_LITERAL_NULL_CONVERSION = YES;
				CLANG_WARN_OBJC_IMPLICIT_RETAIN_SELF = YES;
				CLANG_WARN_OBJC_LITERAL_CONVERSION = YES;
				CLANG_WARN_OBJC_ROOT_CLASS = YES_ERROR;
				CLANG_WARN_RANGE_LOOP_ANALYSIS = YES;
				CLANG_WARN_STRICT_PROTOTYPES = YES;
				CLANG_WARN_SUSPICIOUS_MOVE = YES;
				CLANG_WARN_UNGUARDED_AVAILABILITY = YES_AGGRESSIVE;
				CLANG_WARN_UNREACHABLE_CODE = YES;
				CLANG_WARN__DUPLICATE_METHOD_MATCH = YES;
				COPY_PHASE_STRIP = NO;
				DEBUG_INFORMATION_FORMAT = dwarf;
				ENABLE_STRICT_OBJC_MSGSEND = YES;
				ENABLE_TESTABILITY = YES;
				GCC_C_LANGUAGE_STANDARD = gnu11;
				GCC_DYNAMIC_NO_PIC = NO;
				GCC_NO_COMMON_BLOCKS = YES;
				GCC_OPTIMIZATION_LEVEL = 0;
				GCC_PREPROCESSOR_DEFINITIONS = (
					"DEBUG=1",
					"$(inherited)",
				);
				GCC_WARN_64_TO_32_BIT_CONVERSION = YES;
				GCC_WARN_ABOUT_RETURN_TYPE = YES_ERROR;
				GCC_WARN_UNDECLARED_SELECTOR = YES;
				GCC_WARN_UNINITIALIZED_AUTOS = YES_AGGRESSIVE;
				GCC_WARN_UNUSED_FUNCTION = YES;
				GCC_WARN_UNUSED_VARIABLE = YES;
				IPHONEOS_DEPLOYMENT_TARGET = 13.6;
				MTL_ENABLE_DEBUG_INFO = INCLUDE_SOURCE;
				MTL_FAST_MATH = YES;
				ONLY_ACTIVE_ARCH = YES;
				SDKROOT = iphoneos;
				SWIFT_ACTIVE_COMPILATION_CONDITIONS = DEBUG;
				SWIFT_OPTIMIZATION_LEVEL = "-Onone";
			};
			name = Debug;
		};
		AD68F45A2557F4C00079A85A /* Release */ = {
			isa = XCBuildConfiguration;
			buildSettings = {
				ALWAYS_SEARCH_USER_PATHS = NO;
				CLANG_ANALYZER_NONNULL = YES;
				CLANG_ANALYZER_NUMBER_OBJECT_CONVERSION = YES_AGGRESSIVE;
				CLANG_CXX_LANGUAGE_STANDARD = "gnu++14";
				CLANG_CXX_LIBRARY = "libc++";
				CLANG_ENABLE_MODULES = YES;
				CLANG_ENABLE_OBJC_ARC = YES;
				CLANG_ENABLE_OBJC_WEAK = YES;
				CLANG_WARN_BLOCK_CAPTURE_AUTORELEASING = YES;
				CLANG_WARN_BOOL_CONVERSION = YES;
				CLANG_WARN_COMMA = YES;
				CLANG_WARN_CONSTANT_CONVERSION = YES;
				CLANG_WARN_DEPRECATED_OBJC_IMPLEMENTATIONS = YES;
				CLANG_WARN_DIRECT_OBJC_ISA_USAGE = YES_ERROR;
				CLANG_WARN_DOCUMENTATION_COMMENTS = YES;
				CLANG_WARN_EMPTY_BODY = YES;
				CLANG_WARN_ENUM_CONVERSION = YES;
				CLANG_WARN_INFINITE_RECURSION = YES;
				CLANG_WARN_INT_CONVERSION = YES;
				CLANG_WARN_NON_LITERAL_NULL_CONVERSION = YES;
				CLANG_WARN_OBJC_IMPLICIT_RETAIN_SELF = YES;
				CLANG_WARN_OBJC_LITERAL_CONVERSION = YES;
				CLANG_WARN_OBJC_ROOT_CLASS = YES_ERROR;
				CLANG_WARN_RANGE_LOOP_ANALYSIS = YES;
				CLANG_WARN_STRICT_PROTOTYPES = YES;
				CLANG_WARN_SUSPICIOUS_MOVE = YES;
				CLANG_WARN_UNGUARDED_AVAILABILITY = YES_AGGRESSIVE;
				CLANG_WARN_UNREACHABLE_CODE = YES;
				CLANG_WARN__DUPLICATE_METHOD_MATCH = YES;
				COPY_PHASE_STRIP = NO;
				DEBUG_INFORMATION_FORMAT = "dwarf-with-dsym";
				ENABLE_NS_ASSERTIONS = NO;
				ENABLE_STRICT_OBJC_MSGSEND = YES;
				GCC_C_LANGUAGE_STANDARD = gnu11;
				GCC_NO_COMMON_BLOCKS = YES;
				GCC_WARN_64_TO_32_BIT_CONVERSION = YES;
				GCC_WARN_ABOUT_RETURN_TYPE = YES_ERROR;
				GCC_WARN_UNDECLARED_SELECTOR = YES;
				GCC_WARN_UNINITIALIZED_AUTOS = YES_AGGRESSIVE;
				GCC_WARN_UNUSED_FUNCTION = YES;
				GCC_WARN_UNUSED_VARIABLE = YES;
				IPHONEOS_DEPLOYMENT_TARGET = 13.6;
				MTL_ENABLE_DEBUG_INFO = NO;
				MTL_FAST_MATH = YES;
				SDKROOT = iphoneos;
				SWIFT_COMPILATION_MODE = wholemodule;
				SWIFT_OPTIMIZATION_LEVEL = "-O";
				VALIDATE_PRODUCT = YES;
			};
			name = Release;
		};
		AD68F45C2557F4C00079A85A /* Debug */ = {
			isa = XCBuildConfiguration;
			buildSettings = {
				ASSETCATALOG_COMPILER_APPICON_NAME = AppIcon;
				CODE_SIGN_STYLE = Automatic;
				INFOPLIST_FILE = Wechseln/Info.plist;
				LD_RUNPATH_SEARCH_PATHS = (
					"$(inherited)",
					"@executable_path/Frameworks",
				);
				PRODUCT_BUNDLE_IDENTIFIER = com.dmitrij.Wechseln;
				PRODUCT_NAME = "$(TARGET_NAME)";
				SWIFT_VERSION = 5.0;
				TARGETED_DEVICE_FAMILY = "1,2";
			};
			name = Debug;
		};
		AD68F45D2557F4C00079A85A /* Release */ = {
			isa = XCBuildConfiguration;
			buildSettings = {
				ASSETCATALOG_COMPILER_APPICON_NAME = AppIcon;
				CODE_SIGN_STYLE = Automatic;
				INFOPLIST_FILE = Wechseln/Info.plist;
				LD_RUNPATH_SEARCH_PATHS = (
					"$(inherited)",
					"@executable_path/Frameworks",
				);
				PRODUCT_BUNDLE_IDENTIFIER = com.dmitrij.Wechseln;
				PRODUCT_NAME = "$(TARGET_NAME)";
				SWIFT_VERSION = 5.0;
				TARGETED_DEVICE_FAMILY = "1,2";
			};
			name = Release;
		};
		AD68F45F2557F4C00079A85A /* Debug */ = {
			isa = XCBuildConfiguration;
			buildSettings = {
				ALWAYS_EMBED_SWIFT_STANDARD_LIBRARIES = YES;
				BUNDLE_LOADER = "$(TEST_HOST)";
				CODE_SIGN_STYLE = Automatic;
				INFOPLIST_FILE = WechselnTests/Info.plist;
				IPHONEOS_DEPLOYMENT_TARGET = 13.6;
				LD_RUNPATH_SEARCH_PATHS = (
					"$(inherited)",
					"@executable_path/Frameworks",
					"@loader_path/Frameworks",
				);
				PRODUCT_BUNDLE_IDENTIFIER = com.dmitrij.WechselnTests;
				PRODUCT_NAME = "$(TARGET_NAME)";
				SWIFT_VERSION = 5.0;
				TARGETED_DEVICE_FAMILY = "1,2";
				TEST_HOST = "$(BUILT_PRODUCTS_DIR)/Wechseln.app/Wechseln";
			};
			name = Debug;
		};
		AD68F4602557F4C00079A85A /* Release */ = {
			isa = XCBuildConfiguration;
			buildSettings = {
				ALWAYS_EMBED_SWIFT_STANDARD_LIBRARIES = YES;
				BUNDLE_LOADER = "$(TEST_HOST)";
				CODE_SIGN_STYLE = Automatic;
				INFOPLIST_FILE = WechselnTests/Info.plist;
				IPHONEOS_DEPLOYMENT_TARGET = 13.6;
				LD_RUNPATH_SEARCH_PATHS = (
					"$(inherited)",
					"@executable_path/Frameworks",
					"@loader_path/Frameworks",
				);
				PRODUCT_BUNDLE_IDENTIFIER = com.dmitrij.WechselnTests;
				PRODUCT_NAME = "$(TARGET_NAME)";
				SWIFT_VERSION = 5.0;
				TARGETED_DEVICE_FAMILY = "1,2";
				TEST_HOST = "$(BUILT_PRODUCTS_DIR)/Wechseln.app/Wechseln";
			};
			name = Release;
		};
		AD68F4622557F4C00079A85A /* Debug */ = {
			isa = XCBuildConfiguration;
			buildSettings = {
				ALWAYS_EMBED_SWIFT_STANDARD_LIBRARIES = YES;
				CODE_SIGN_STYLE = Automatic;
				INFOPLIST_FILE = WechselnUITests/Info.plist;
				LD_RUNPATH_SEARCH_PATHS = (
					"$(inherited)",
					"@executable_path/Frameworks",
					"@loader_path/Frameworks",
				);
				PRODUCT_BUNDLE_IDENTIFIER = com.dmitrij.WechselnUITests;
				PRODUCT_NAME = "$(TARGET_NAME)";
				SWIFT_VERSION = 5.0;
				TARGETED_DEVICE_FAMILY = "1,2";
				TEST_TARGET_NAME = Wechseln;
			};
			name = Debug;
		};
		AD68F4632557F4C00079A85A /* Release */ = {
			isa = XCBuildConfiguration;
			buildSettings = {
				ALWAYS_EMBED_SWIFT_STANDARD_LIBRARIES = YES;
				CODE_SIGN_STYLE = Automatic;
				INFOPLIST_FILE = WechselnUITests/Info.plist;
				LD_RUNPATH_SEARCH_PATHS = (
					"$(inherited)",
					"@executable_path/Frameworks",
					"@loader_path/Frameworks",
				);
				PRODUCT_BUNDLE_IDENTIFIER = com.dmitrij.WechselnUITests;
				PRODUCT_NAME = "$(TARGET_NAME)";
				SWIFT_VERSION = 5.0;
				TARGETED_DEVICE_FAMILY = "1,2";
				TEST_TARGET_NAME = Wechseln;
			};
			name = Release;
		};
/* End XCBuildConfiguration section */

/* Begin XCConfigurationList section */
		AD68F42C2557F4BD0079A85A /* Build configuration list for PBXProject "Wechseln" */ = {
			isa = XCConfigurationList;
			buildConfigurations = (
				AD68F4592557F4C00079A85A /* Debug */,
				AD68F45A2557F4C00079A85A /* Release */,
			);
			defaultConfigurationIsVisible = 0;
			defaultConfigurationName = Release;
		};
		AD68F45B2557F4C00079A85A /* Build configuration list for PBXNativeTarget "Wechseln" */ = {
			isa = XCConfigurationList;
			buildConfigurations = (
				AD68F45C2557F4C00079A85A /* Debug */,
				AD68F45D2557F4C00079A85A /* Release */,
			);
			defaultConfigurationIsVisible = 0;
			defaultConfigurationName = Release;
		};
		AD68F45E2557F4C00079A85A /* Build configuration list for PBXNativeTarget "WechselnTests" */ = {
			isa = XCConfigurationList;
			buildConfigurations = (
				AD68F45F2557F4C00079A85A /* Debug */,
				AD68F4602557F4C00079A85A /* Release */,
			);
			defaultConfigurationIsVisible = 0;
			defaultConfigurationName = Release;
		};
		AD68F4612557F4C00079A85A /* Build configuration list for PBXNativeTarget "WechselnUITests" */ = {
			isa = XCConfigurationList;
			buildConfigurations = (
				AD68F4622557F4C00079A85A /* Debug */,
				AD68F4632557F4C00079A85A /* Release */,
			);
			defaultConfigurationIsVisible = 0;
			defaultConfigurationName = Release;
		};
/* End XCConfigurationList section */
	};
	rootObject = AD68F4292557F4BD0079A85A /* Project object */;
}
