// !$*UTF8*$!
{
	archiveVersion = 1;
	classes = {
	};
	objectVersion = 51;
	objects = {

/* Begin PBXBuildFile section */
		2B37F80E8B1B2B8360E574B0 /* Pods_Wechseln.framework in Frameworks */ = {isa = PBXBuildFile; fileRef = ED11FD727AD09C8EBF4B3B3D /* Pods_Wechseln.framework */; };
		4A614BA991B18DDCC9B30734 /* Pods_WechselnTests.framework in Frameworks */ = {isa = PBXBuildFile; fileRef = 9382090EB99C0AE835E0DCE9 /* Pods_WechselnTests.framework */; };
		70490025331E2EBDD569E5A7 /* HeaderFooterAnimatedCollectionViewController.swift in Sources */ = {isa = PBXBuildFile; fileRef = 704908CA52D808065259456C /* HeaderFooterAnimatedCollectionViewController.swift */; };
		704900430AA2EF607E76A18E /* HeaderFooterCollectionViewController.swift in Sources */ = {isa = PBXBuildFile; fileRef = 70490B30189BACC4B8788970 /* HeaderFooterCollectionViewController.swift */; };
		704901B5075750C0095B99EA /* UIViewLayout.swift in Sources */ = {isa = PBXBuildFile; fileRef = 70490A57E964B09D2AFE1A3A /* UIViewLayout.swift */; };
		70490522D3A2B697BF996A74 /* APIClient.swift in Sources */ = {isa = PBXBuildFile; fileRef = 70490D229DD782751486ECF7 /* APIClient.swift */; };
		704908770EF2F0749E1F8782 /* UIKitAdditions.swift in Sources */ = {isa = PBXBuildFile; fileRef = 704905F15856DC37B75D8A33 /* UIKitAdditions.swift */; };
		70490BA374C046B7C7A9A0D4 /* CollectionViewController.swift in Sources */ = {isa = PBXBuildFile; fileRef = 7049073346232BDADB333199 /* CollectionViewController.swift */; };
		70490D5C99B6F82B924FEB0A /* BaseCollectionViewController.swift in Sources */ = {isa = PBXBuildFile; fileRef = 70490A7E8CE942D96039D7FE /* BaseCollectionViewController.swift */; };
		74265BF29E18BB3F2427D61A /* Pods_WechselnUITests.framework in Frameworks */ = {isa = PBXBuildFile; fileRef = 4B1B21CDA98F0541D4608C7D /* Pods_WechselnUITests.framework */; };
		AD68F4352557F4BD0079A85A /* AppDelegate.swift in Sources */ = {isa = PBXBuildFile; fileRef = AD68F4342557F4BD0079A85A /* AppDelegate.swift */; };
		AD68F43E2557F4BF0079A85A /* Assets.xcassets in Resources */ = {isa = PBXBuildFile; fileRef = AD68F43D2557F4BF0079A85A /* Assets.xcassets */; };
		AD68F4412557F4BF0079A85A /* LaunchScreen.storyboard in Resources */ = {isa = PBXBuildFile; fileRef = AD68F43F2557F4BF0079A85A /* LaunchScreen.storyboard */; };
		AD68F44C2557F4C00079A85A /* WechselnTests.swift in Sources */ = {isa = PBXBuildFile; fileRef = AD68F44B2557F4C00079A85A /* WechselnTests.swift */; };
		AD68F4572557F4C00079A85A /* WechselnUITests.swift in Sources */ = {isa = PBXBuildFile; fileRef = AD68F4562557F4C00079A85A /* WechselnUITests.swift */; };
		AD980BA1256562D900FED804 /* GoogleService-Info.plist in Resources */ = {isa = PBXBuildFile; fileRef = AD980BA0256562D900FED804 /* GoogleService-Info.plist */; };
		AD980BD925656E2000FED804 /* Main.storyboard in Resources */ = {isa = PBXBuildFile; fileRef = AD980BD725656E2000FED804 /* Main.storyboard */; };
		AD980BEF256576DE00FED804 /* AutoLayoutView.swift in Sources */ = {isa = PBXBuildFile; fileRef = AD980BEE256576DD00FED804 /* AutoLayoutView.swift */; };
		AD980BF4256576E400FED804 /* BottomActionButton.swift in Sources */ = {isa = PBXBuildFile; fileRef = AD980BF3256576E400FED804 /* BottomActionButton.swift */; };
		AD980BF9256576EB00FED804 /* FullDescriptionView.swift in Sources */ = {isa = PBXBuildFile; fileRef = AD980BF8256576EB00FED804 /* FullDescriptionView.swift */; };
		AD980BFE256576F000FED804 /* ScrollableStackView.swift in Sources */ = {isa = PBXBuildFile; fileRef = AD980BFD256576F000FED804 /* ScrollableStackView.swift */; };
		AD980C0F2565775C00FED804 /* ProductFrameLayoutViewController.swift in Sources */ = {isa = PBXBuildFile; fileRef = AD980C0B2565775C00FED804 /* ProductFrameLayoutViewController.swift */; };
		AD980C102565775C00FED804 /* FullProductFrameView.swift in Sources */ = {isa = PBXBuildFile; fileRef = AD980C0C2565775C00FED804 /* FullProductFrameView.swift */; };
		AD980C112565775C00FED804 /* ProductViewController.swift in Sources */ = {isa = PBXBuildFile; fileRef = AD980C0D2565775C00FED804 /* ProductViewController.swift */; };
		AD980C122565775C00FED804 /* FullProductView.swift in Sources */ = {isa = PBXBuildFile; fileRef = AD980C0E2565775C00FED804 /* FullProductView.swift */; };
		ADCA3E9A256596D80089FEED /* MissionViewController.swift in Sources */ = {isa = PBXBuildFile; fileRef = ADCA3E98256596D80089FEED /* MissionViewController.swift */; };
		ADCA3E9B256596D80089FEED /* MissionSelectViewController.swift in Sources */ = {isa = PBXBuildFile; fileRef = ADCA3E99256596D80089FEED /* MissionSelectViewController.swift */; };
/* End PBXBuildFile section */

/* Begin PBXContainerItemProxy section */
		AD68F4482557F4C00079A85A /* PBXContainerItemProxy */ = {
			isa = PBXContainerItemProxy;
			containerPortal = AD68F4292557F4BD0079A85A /* Project object */;
			proxyType = 1;
			remoteGlobalIDString = AD68F4302557F4BD0079A85A;
			remoteInfo = Wechseln;
		};
		AD68F4532557F4C00079A85A /* PBXContainerItemProxy */ = {
			isa = PBXContainerItemProxy;
			containerPortal = AD68F4292557F4BD0079A85A /* Project object */;
			proxyType = 1;
			remoteGlobalIDString = AD68F4302557F4BD0079A85A;
			remoteInfo = Wechseln;
		};
/* End PBXContainerItemProxy section */

/* Begin PBXFileReference section */
		02E508FC3D588A1FF5204364 /* Pods-WechselnUITests.release.xcconfig */ = {isa = PBXFileReference; includeInIndex = 1; lastKnownFileType = text.xcconfig; name = "Pods-WechselnUITests.release.xcconfig"; path = "Target Support Files/Pods-WechselnUITests/Pods-WechselnUITests.release.xcconfig"; sourceTree = "<group>"; };
		37D864975ABF7B944F8601EE /* Pods-Wechseln.release.xcconfig */ = {isa = PBXFileReference; includeInIndex = 1; lastKnownFileType = text.xcconfig; name = "Pods-Wechseln.release.xcconfig"; path = "Target Support Files/Pods-Wechseln/Pods-Wechseln.release.xcconfig"; sourceTree = "<group>"; };
		4B1B21CDA98F0541D4608C7D /* Pods_WechselnUITests.framework */ = {isa = PBXFileReference; explicitFileType = wrapper.framework; includeInIndex = 0; path = Pods_WechselnUITests.framework; sourceTree = BUILT_PRODUCTS_DIR; };
		704905F15856DC37B75D8A33 /* UIKitAdditions.swift */ = {isa = PBXFileReference; fileEncoding = 4; lastKnownFileType = sourcecode.swift; path = UIKitAdditions.swift; sourceTree = "<group>"; };
		7049073346232BDADB333199 /* CollectionViewController.swift */ = {isa = PBXFileReference; fileEncoding = 4; lastKnownFileType = sourcecode.swift; path = CollectionViewController.swift; sourceTree = "<group>"; };
		704908CA52D808065259456C /* HeaderFooterAnimatedCollectionViewController.swift */ = {isa = PBXFileReference; fileEncoding = 4; lastKnownFileType = sourcecode.swift; path = HeaderFooterAnimatedCollectionViewController.swift; sourceTree = "<group>"; };
		70490A57E964B09D2AFE1A3A /* UIViewLayout.swift */ = {isa = PBXFileReference; fileEncoding = 4; lastKnownFileType = sourcecode.swift; path = UIViewLayout.swift; sourceTree = "<group>"; };
		70490A7E8CE942D96039D7FE /* BaseCollectionViewController.swift */ = {isa = PBXFileReference; fileEncoding = 4; lastKnownFileType = sourcecode.swift; path = BaseCollectionViewController.swift; sourceTree = "<group>"; };
		70490B30189BACC4B8788970 /* HeaderFooterCollectionViewController.swift */ = {isa = PBXFileReference; fileEncoding = 4; lastKnownFileType = sourcecode.swift; path = HeaderFooterCollectionViewController.swift; sourceTree = "<group>"; };
		70490D229DD782751486ECF7 /* APIClient.swift */ = {isa = PBXFileReference; fileEncoding = 4; lastKnownFileType = sourcecode.swift; path = APIClient.swift; sourceTree = "<group>"; };
		7504167C01A42F08A9674D29 /* Pods-Wechseln.debug.xcconfig */ = {isa = PBXFileReference; includeInIndex = 1; lastKnownFileType = text.xcconfig; name = "Pods-Wechseln.debug.xcconfig"; path = "Target Support Files/Pods-Wechseln/Pods-Wechseln.debug.xcconfig"; sourceTree = "<group>"; };
		7D55FF38916E326A8BFA2BAA /* Pods-WechselnTests.release.xcconfig */ = {isa = PBXFileReference; includeInIndex = 1; lastKnownFileType = text.xcconfig; name = "Pods-WechselnTests.release.xcconfig"; path = "Target Support Files/Pods-WechselnTests/Pods-WechselnTests.release.xcconfig"; sourceTree = "<group>"; };
		7EF8B2E37E73C050198BAE96 /* Pods-WechselnTests.debug.xcconfig */ = {isa = PBXFileReference; includeInIndex = 1; lastKnownFileType = text.xcconfig; name = "Pods-WechselnTests.debug.xcconfig"; path = "Target Support Files/Pods-WechselnTests/Pods-WechselnTests.debug.xcconfig"; sourceTree = "<group>"; };
		9382090EB99C0AE835E0DCE9 /* Pods_WechselnTests.framework */ = {isa = PBXFileReference; explicitFileType = wrapper.framework; includeInIndex = 0; path = Pods_WechselnTests.framework; sourceTree = BUILT_PRODUCTS_DIR; };
		AD68F4312557F4BD0079A85A /* Wechseln.app */ = {isa = PBXFileReference; explicitFileType = wrapper.application; includeInIndex = 0; path = Wechseln.app; sourceTree = BUILT_PRODUCTS_DIR; };
		AD68F4342557F4BD0079A85A /* AppDelegate.swift */ = {isa = PBXFileReference; lastKnownFileType = sourcecode.swift; path = AppDelegate.swift; sourceTree = "<group>"; };
		AD68F43D2557F4BF0079A85A /* Assets.xcassets */ = {isa = PBXFileReference; lastKnownFileType = folder.assetcatalog; path = Assets.xcassets; sourceTree = "<group>"; };
		AD68F4402557F4BF0079A85A /* Base */ = {isa = PBXFileReference; lastKnownFileType = file.storyboard; name = Base; path = Base.lproj/LaunchScreen.storyboard; sourceTree = "<group>"; };
		AD68F4422557F4BF0079A85A /* Info.plist */ = {isa = PBXFileReference; lastKnownFileType = text.plist.xml; path = Info.plist; sourceTree = "<group>"; };
		AD68F4472557F4C00079A85A /* WechselnTests.xctest */ = {isa = PBXFileReference; explicitFileType = wrapper.cfbundle; includeInIndex = 0; path = WechselnTests.xctest; sourceTree = BUILT_PRODUCTS_DIR; };
		AD68F44B2557F4C00079A85A /* WechselnTests.swift */ = {isa = PBXFileReference; lastKnownFileType = sourcecode.swift; path = WechselnTests.swift; sourceTree = "<group>"; };
		AD68F44D2557F4C00079A85A /* Info.plist */ = {isa = PBXFileReference; lastKnownFileType = text.plist.xml; path = Info.plist; sourceTree = "<group>"; };
		AD68F4522557F4C00079A85A /* WechselnUITests.xctest */ = {isa = PBXFileReference; explicitFileType = wrapper.cfbundle; includeInIndex = 0; path = WechselnUITests.xctest; sourceTree = BUILT_PRODUCTS_DIR; };
		AD68F4562557F4C00079A85A /* WechselnUITests.swift */ = {isa = PBXFileReference; lastKnownFileType = sourcecode.swift; path = WechselnUITests.swift; sourceTree = "<group>"; };
		AD68F4582557F4C00079A85A /* Info.plist */ = {isa = PBXFileReference; lastKnownFileType = text.plist.xml; path = Info.plist; sourceTree = "<group>"; };
		AD980BA0256562D900FED804 /* GoogleService-Info.plist */ = {isa = PBXFileReference; fileEncoding = 4; lastKnownFileType = text.plist.xml; path = "GoogleService-Info.plist"; sourceTree = "<group>"; };
		AD980BD825656E2000FED804 /* Base */ = {isa = PBXFileReference; lastKnownFileType = file.storyboard; name = Base; path = Base.lproj/Main.storyboard; sourceTree = "<group>"; };
		AD980BEE256576DD00FED804 /* AutoLayoutView.swift */ = {isa = PBXFileReference; fileEncoding = 4; lastKnownFileType = sourcecode.swift; path = AutoLayoutView.swift; sourceTree = "<group>"; };
		AD980BF3256576E400FED804 /* BottomActionButton.swift */ = {isa = PBXFileReference; fileEncoding = 4; lastKnownFileType = sourcecode.swift; path = BottomActionButton.swift; sourceTree = "<group>"; };
		AD980BF8256576EB00FED804 /* FullDescriptionView.swift */ = {isa = PBXFileReference; fileEncoding = 4; lastKnownFileType = sourcecode.swift; path = FullDescriptionView.swift; sourceTree = "<group>"; };
		AD980BFD256576F000FED804 /* ScrollableStackView.swift */ = {isa = PBXFileReference; fileEncoding = 4; lastKnownFileType = sourcecode.swift; path = ScrollableStackView.swift; sourceTree = "<group>"; };
		AD980C0B2565775C00FED804 /* ProductFrameLayoutViewController.swift */ = {isa = PBXFileReference; fileEncoding = 4; lastKnownFileType = sourcecode.swift; path = ProductFrameLayoutViewController.swift; sourceTree = "<group>"; };
		AD980C0C2565775C00FED804 /* FullProductFrameView.swift */ = {isa = PBXFileReference; fileEncoding = 4; lastKnownFileType = sourcecode.swift; path = FullProductFrameView.swift; sourceTree = "<group>"; };
		AD980C0D2565775C00FED804 /* ProductViewController.swift */ = {isa = PBXFileReference; fileEncoding = 4; lastKnownFileType = sourcecode.swift; path = ProductViewController.swift; sourceTree = "<group>"; };
		AD980C0E2565775C00FED804 /* FullProductView.swift */ = {isa = PBXFileReference; fileEncoding = 4; lastKnownFileType = sourcecode.swift; path = FullProductView.swift; sourceTree = "<group>"; };
		ADCA3E98256596D80089FEED /* MissionViewController.swift */ = {isa = PBXFileReference; fileEncoding = 4; lastKnownFileType = sourcecode.swift; path = MissionViewController.swift; sourceTree = "<group>"; };
		ADCA3E99256596D80089FEED /* MissionSelectViewController.swift */ = {isa = PBXFileReference; fileEncoding = 4; lastKnownFileType = sourcecode.swift; path = MissionSelectViewController.swift; sourceTree = "<group>"; };
		C5332F786CEF2E9AFD5EF1E1 /* Pods-WechselnUITests.debug.xcconfig */ = {isa = PBXFileReference; includeInIndex = 1; lastKnownFileType = text.xcconfig; name = "Pods-WechselnUITests.debug.xcconfig"; path = "Target Support Files/Pods-WechselnUITests/Pods-WechselnUITests.debug.xcconfig"; sourceTree = "<group>"; };
		ED11FD727AD09C8EBF4B3B3D /* Pods_Wechseln.framework */ = {isa = PBXFileReference; explicitFileType = wrapper.framework; includeInIndex = 0; path = Pods_Wechseln.framework; sourceTree = BUILT_PRODUCTS_DIR; };
/* End PBXFileReference section */

/* Begin PBXFrameworksBuildPhase section */
		AD68F42E2557F4BD0079A85A /* Frameworks */ = {
			isa = PBXFrameworksBuildPhase;
			buildActionMask = 2147483647;
			files = (
				2B37F80E8B1B2B8360E574B0 /* Pods_Wechseln.framework in Frameworks */,
			);
			runOnlyForDeploymentPostprocessing = 0;
		};
		AD68F4442557F4C00079A85A /* Frameworks */ = {
			isa = PBXFrameworksBuildPhase;
			buildActionMask = 2147483647;
			files = (
				4A614BA991B18DDCC9B30734 /* Pods_WechselnTests.framework in Frameworks */,
			);
			runOnlyForDeploymentPostprocessing = 0;
		};
		AD68F44F2557F4C00079A85A /* Frameworks */ = {
			isa = PBXFrameworksBuildPhase;
			buildActionMask = 2147483647;
			files = (
				74265BF29E18BB3F2427D61A /* Pods_WechselnUITests.framework in Frameworks */,
			);
			runOnlyForDeploymentPostprocessing = 0;
		};
/* End PBXFrameworksBuildPhase section */

/* Begin PBXGroup section */
		704904C7DAD7A392B5358E27 /* CollectionView */ = {
			isa = PBXGroup;
			children = (
				AD980BFD256576F000FED804 /* ScrollableStackView.swift */,
				AD980BF8256576EB00FED804 /* FullDescriptionView.swift */,
				AD980BF3256576E400FED804 /* BottomActionButton.swift */,
				AD980BEE256576DD00FED804 /* AutoLayoutView.swift */,
				70490A7E8CE942D96039D7FE /* BaseCollectionViewController.swift */,
				7049073346232BDADB333199 /* CollectionViewController.swift */,
				704908CA52D808065259456C /* HeaderFooterAnimatedCollectionViewController.swift */,
				70490B30189BACC4B8788970 /* HeaderFooterCollectionViewController.swift */,
				704905F15856DC37B75D8A33 /* UIKitAdditions.swift */,
				70490A57E964B09D2AFE1A3A /* UIViewLayout.swift */,
			);
			path = CollectionView;
			sourceTree = "<group>";
		};
		704904DDDE5F87FEB3D3084E /* Model */ = {
			isa = PBXGroup;
			children = (
			);
			path = Model;
			sourceTree = "<group>";
		};
		72EF0A8766F8C5039742F287 /* Frameworks */ = {
			isa = PBXGroup;
			children = (
				ED11FD727AD09C8EBF4B3B3D /* Pods_Wechseln.framework */,
				9382090EB99C0AE835E0DCE9 /* Pods_WechselnTests.framework */,
				4B1B21CDA98F0541D4608C7D /* Pods_WechselnUITests.framework */,
			);
			name = Frameworks;
			sourceTree = "<group>";
		};
		AD68F4282557F4BD0079A85A = {
			isa = PBXGroup;
			children = (
				AD68F4332557F4BD0079A85A /* Wechseln */,
				AD68F44A2557F4C00079A85A /* WechselnTests */,
				AD68F4552557F4C00079A85A /* WechselnUITests */,
				AD68F4322557F4BD0079A85A /* Products */,
				BA58D9F73D4947227659BDCE /* Pods */,
				72EF0A8766F8C5039742F287 /* Frameworks */,
			);
			sourceTree = "<group>";
		};
		AD68F4322557F4BD0079A85A /* Products */ = {
			isa = PBXGroup;
			children = (
				AD68F4312557F4BD0079A85A /* Wechseln.app */,
				AD68F4472557F4C00079A85A /* WechselnTests.xctest */,
				AD68F4522557F4C00079A85A /* WechselnUITests.xctest */,
			);
			name = Products;
			sourceTree = "<group>";
		};
		AD68F4332557F4BD0079A85A /* Wechseln */ = {
			isa = PBXGroup;
			children = (
				ADCA3E8A256596840089FEED /* Screens */,
				AD980C0A2565773D00FED804 /* ItemLayout */,
				AD980BD725656E2000FED804 /* Main.storyboard */,
				AD980BA0256562D900FED804 /* GoogleService-Info.plist */,
				AD68F4342557F4BD0079A85A /* AppDelegate.swift */,
				AD68F43D2557F4BF0079A85A /* Assets.xcassets */,
				AD68F43F2557F4BF0079A85A /* LaunchScreen.storyboard */,
				AD68F4422557F4BF0079A85A /* Info.plist */,
				704904DDDE5F87FEB3D3084E /* Model */,
				704904C7DAD7A392B5358E27 /* CollectionView */,
				70490D229DD782751486ECF7 /* APIClient.swift */,
			);
			path = Wechseln;
			sourceTree = "<group>";
		};
		AD68F44A2557F4C00079A85A /* WechselnTests */ = {
			isa = PBXGroup;
			children = (
				AD68F44B2557F4C00079A85A /* WechselnTests.swift */,
				AD68F44D2557F4C00079A85A /* Info.plist */,
			);
			path = WechselnTests;
			sourceTree = "<group>";
		};
		AD68F4552557F4C00079A85A /* WechselnUITests */ = {
			isa = PBXGroup;
			children = (
				AD68F4562557F4C00079A85A /* WechselnUITests.swift */,
				AD68F4582557F4C00079A85A /* Info.plist */,
			);
			path = WechselnUITests;
			sourceTree = "<group>";
		};
		AD980C0A2565773D00FED804 /* ItemLayout */ = {
			isa = PBXGroup;
			children = (
				AD980C0C2565775C00FED804 /* FullProductFrameView.swift */,
				AD980C0E2565775C00FED804 /* FullProductView.swift */,
				AD980C0B2565775C00FED804 /* ProductFrameLayoutViewController.swift */,
				AD980C0D2565775C00FED804 /* ProductViewController.swift */,
			);
			path = ItemLayout;
			sourceTree = "<group>";
		};
		ADCA3E8A256596840089FEED /* Screens */ = {
			isa = PBXGroup;
			children = (
				ADCA3E99256596D80089FEED /* MissionSelectViewController.swift */,
				ADCA3E98256596D80089FEED /* MissionViewController.swift */,
			);
			path = Screens;
			sourceTree = "<group>";
		};
		BA58D9F73D4947227659BDCE /* Pods */ = {
			isa = PBXGroup;
			children = (
				7504167C01A42F08A9674D29 /* Pods-Wechseln.debug.xcconfig */,
				37D864975ABF7B944F8601EE /* Pods-Wechseln.release.xcconfig */,
				7EF8B2E37E73C050198BAE96 /* Pods-WechselnTests.debug.xcconfig */,
				7D55FF38916E326A8BFA2BAA /* Pods-WechselnTests.release.xcconfig */,
				C5332F786CEF2E9AFD5EF1E1 /* Pods-WechselnUITests.debug.xcconfig */,
				02E508FC3D588A1FF5204364 /* Pods-WechselnUITests.release.xcconfig */,
			);
			path = Pods;
			sourceTree = "<group>";
		};
/* End PBXGroup section */

/* Begin PBXNativeTarget section */
		AD68F4302557F4BD0079A85A /* Wechseln */ = {
			isa = PBXNativeTarget;
			buildConfigurationList = AD68F45B2557F4C00079A85A /* Build configuration list for PBXNativeTarget "Wechseln" */;
			buildPhases = (
				BC847CE89D9E31D14EAA7944 /* [CP] Check Pods Manifest.lock */,
				AD68F42D2557F4BD0079A85A /* Sources */,
				AD68F42E2557F4BD0079A85A /* Frameworks */,
				AD68F42F2557F4BD0079A85A /* Resources */,
				8AB6A4D7573F24F937F560A7 /* [CP] Embed Pods Frameworks */,
				AC7B219DA2B9C0CCA758FCBE /* [CP] Copy Pods Resources */,
			);
			buildRules = (
			);
			dependencies = (
			);
			name = Wechseln;
			productName = Wechseln;
			productReference = AD68F4312557F4BD0079A85A /* Wechseln.app */;
			productType = "com.apple.product-type.application";
		};
		AD68F4462557F4C00079A85A /* WechselnTests */ = {
			isa = PBXNativeTarget;
			buildConfigurationList = AD68F45E2557F4C00079A85A /* Build configuration list for PBXNativeTarget "WechselnTests" */;
			buildPhases = (
				D1E9351816BF081364C6F61A /* [CP] Check Pods Manifest.lock */,
				AD68F4432557F4C00079A85A /* Sources */,
				AD68F4442557F4C00079A85A /* Frameworks */,
				AD68F4452557F4C00079A85A /* Resources */,
			);
			buildRules = (
			);
			dependencies = (
				AD68F4492557F4C00079A85A /* PBXTargetDependency */,
			);
			name = WechselnTests;
			productName = WechselnTests;
			productReference = AD68F4472557F4C00079A85A /* WechselnTests.xctest */;
			productType = "com.apple.product-type.bundle.unit-test";
		};
		AD68F4512557F4C00079A85A /* WechselnUITests */ = {
			isa = PBXNativeTarget;
			buildConfigurationList = AD68F4612557F4C00079A85A /* Build configuration list for PBXNativeTarget "WechselnUITests" */;
			buildPhases = (
				8050A69ED6DCFF97DDABBB7E /* [CP] Check Pods Manifest.lock */,
				AD68F44E2557F4C00079A85A /* Sources */,
				AD68F44F2557F4C00079A85A /* Frameworks */,
				AD68F4502557F4C00079A85A /* Resources */,
			);
			buildRules = (
			);
			dependencies = (
				AD68F4542557F4C00079A85A /* PBXTargetDependency */,
			);
			name = WechselnUITests;
			productName = WechselnUITests;
			productReference = AD68F4522557F4C00079A85A /* WechselnUITests.xctest */;
			productType = "com.apple.product-type.bundle.ui-testing";
		};
/* End PBXNativeTarget section */

/* Begin PBXProject section */
		AD68F4292557F4BD0079A85A /* Project object */ = {
			isa = PBXProject;
			attributes = {
				LastSwiftUpdateCheck = 1160;
				LastUpgradeCheck = 1210;
				ORGANIZATIONNAME = Home;
				TargetAttributes = {
					AD68F4302557F4BD0079A85A = {
						CreatedOnToolsVersion = 11.6;
					};
					AD68F4462557F4C00079A85A = {
						CreatedOnToolsVersion = 11.6;
						TestTargetID = AD68F4302557F4BD0079A85A;
					};
					AD68F4512557F4C00079A85A = {
						CreatedOnToolsVersion = 11.6;
						TestTargetID = AD68F4302557F4BD0079A85A;
					};
				};
			};
			buildConfigurationList = AD68F42C2557F4BD0079A85A /* Build configuration list for PBXProject "Wechseln" */;
			compatibilityVersion = "Xcode 9.3";
			developmentRegion = en;
			hasScannedForEncodings = 0;
			knownRegions = (
				en,
				Base,
			);
			mainGroup = AD68F4282557F4BD0079A85A;
			productRefGroup = AD68F4322557F4BD0079A85A /* Products */;
			projectDirPath = "";
			projectRoot = "";
			targets = (
				AD68F4302557F4BD0079A85A /* Wechseln */,
				AD68F4462557F4C00079A85A /* WechselnTests */,
				AD68F4512557F4C00079A85A /* WechselnUITests */,
			);
		};
/* End PBXProject section */

/* Begin PBXResourcesBuildPhase section */
		AD68F42F2557F4BD0079A85A /* Resources */ = {
			isa = PBXResourcesBuildPhase;
			buildActionMask = 2147483647;
			files = (
				AD68F4412557F4BF0079A85A /* LaunchScreen.storyboard in Resources */,
				AD980BA1256562D900FED804 /* GoogleService-Info.plist in Resources */,
				AD68F43E2557F4BF0079A85A /* Assets.xcassets in Resources */,
				AD980BD925656E2000FED804 /* Main.storyboard in Resources */,
			);
			runOnlyForDeploymentPostprocessing = 0;
		};
		AD68F4452557F4C00079A85A /* Resources */ = {
			isa = PBXResourcesBuildPhase;
			buildActionMask = 2147483647;
			files = (
			);
			runOnlyForDeploymentPostprocessing = 0;
		};
		AD68F4502557F4C00079A85A /* Resources */ = {
			isa = PBXResourcesBuildPhase;
			buildActionMask = 2147483647;
			files = (
			);
			runOnlyForDeploymentPostprocessing = 0;
		};
/* End PBXResourcesBuildPhase section */

/* Begin PBXShellScriptBuildPhase section */
		8050A69ED6DCFF97DDABBB7E /* [CP] Check Pods Manifest.lock */ = {
			isa = PBXShellScriptBuildPhase;
			buildActionMask = 2147483647;
			files = (
			);
			inputFileListPaths = (
			);
			inputPaths = (
				"${PODS_PODFILE_DIR_PATH}/Podfile.lock",
				"${PODS_ROOT}/Manifest.lock",
			);
			name = "[CP] Check Pods Manifest.lock";
			outputFileListPaths = (
			);
			outputPaths = (
				"$(DERIVED_FILE_DIR)/Pods-WechselnUITests-checkManifestLockResult.txt",
			);
			runOnlyForDeploymentPostprocessing = 0;
			shellPath = /bin/sh;
			shellScript = "diff \"${PODS_PODFILE_DIR_PATH}/Podfile.lock\" \"${PODS_ROOT}/Manifest.lock\" > /dev/null\nif [ $? != 0 ] ; then\n    # print error to STDERR\n    echo \"error: The sandbox is not in sync with the Podfile.lock. Run 'pod install' or update your CocoaPods installation.\" >&2\n    exit 1\nfi\n# This output is used by Xcode 'outputs' to avoid re-running this script phase.\necho \"SUCCESS\" > \"${SCRIPT_OUTPUT_FILE_0}\"\n";
			showEnvVarsInLog = 0;
		};
		8AB6A4D7573F24F937F560A7 /* [CP] Embed Pods Frameworks */ = {
			isa = PBXShellScriptBuildPhase;
			buildActionMask = 2147483647;
			files = (
			);
			inputFileListPaths = (
				"${PODS_ROOT}/Target Support Files/Pods-Wechseln/Pods-Wechseln-frameworks-${CONFIGURATION}-input-files.xcfilelist",
			);
			name = "[CP] Embed Pods Frameworks";
			outputFileListPaths = (
				"${PODS_ROOT}/Target Support Files/Pods-Wechseln/Pods-Wechseln-frameworks-${CONFIGURATION}-output-files.xcfilelist",
			);
			runOnlyForDeploymentPostprocessing = 0;
			shellPath = /bin/sh;
			shellScript = "\"${PODS_ROOT}/Target Support Files/Pods-Wechseln/Pods-Wechseln-frameworks.sh\"\n";
			showEnvVarsInLog = 0;
		};
		AC7B219DA2B9C0CCA758FCBE /* [CP] Copy Pods Resources */ = {
			isa = PBXShellScriptBuildPhase;
			buildActionMask = 2147483647;
			files = (
			);
			inputFileListPaths = (
				"${PODS_ROOT}/Target Support Files/Pods-Wechseln/Pods-Wechseln-resources-${CONFIGURATION}-input-files.xcfilelist",
			);
			name = "[CP] Copy Pods Resources";
			outputFileListPaths = (
				"${PODS_ROOT}/Target Support Files/Pods-Wechseln/Pods-Wechseln-resources-${CONFIGURATION}-output-files.xcfilelist",
			);
			runOnlyForDeploymentPostprocessing = 0;
			shellPath = /bin/sh;
			shellScript = "\"${PODS_ROOT}/Target Support Files/Pods-Wechseln/Pods-Wechseln-resources.sh\"\n";
			showEnvVarsInLog = 0;
		};
		BC847CE89D9E31D14EAA7944 /* [CP] Check Pods Manifest.lock */ = {
			isa = PBXShellScriptBuildPhase;
			buildActionMask = 2147483647;
			files = (
			);
			inputFileListPaths = (
			);
			inputPaths = (
				"${PODS_PODFILE_DIR_PATH}/Podfile.lock",
				"${PODS_ROOT}/Manifest.lock",
			);
			name = "[CP] Check Pods Manifest.lock";
			outputFileListPaths = (
			);
			outputPaths = (
				"$(DERIVED_FILE_DIR)/Pods-Wechseln-checkManifestLockResult.txt",
			);
			runOnlyForDeploymentPostprocessing = 0;
			shellPath = /bin/sh;
			shellScript = "diff \"${PODS_PODFILE_DIR_PATH}/Podfile.lock\" \"${PODS_ROOT}/Manifest.lock\" > /dev/null\nif [ $? != 0 ] ; then\n    # print error to STDERR\n    echo \"error: The sandbox is not in sync with the Podfile.lock. Run 'pod install' or update your CocoaPods installation.\" >&2\n    exit 1\nfi\n# This output is used by Xcode 'outputs' to avoid re-running this script phase.\necho \"SUCCESS\" > \"${SCRIPT_OUTPUT_FILE_0}\"\n";
			showEnvVarsInLog = 0;
		};
		D1E9351816BF081364C6F61A /* [CP] Check Pods Manifest.lock */ = {
			isa = PBXShellScriptBuildPhase;
			buildActionMask = 2147483647;
			files = (
			);
			inputFileListPaths = (
			);
			inputPaths = (
				"${PODS_PODFILE_DIR_PATH}/Podfile.lock",
				"${PODS_ROOT}/Manifest.lock",
			);
			name = "[CP] Check Pods Manifest.lock";
			outputFileListPaths = (
			);
			outputPaths = (
				"$(DERIVED_FILE_DIR)/Pods-WechselnTests-checkManifestLockResult.txt",
			);
			runOnlyForDeploymentPostprocessing = 0;
			shellPath = /bin/sh;
			shellScript = "diff \"${PODS_PODFILE_DIR_PATH}/Podfile.lock\" \"${PODS_ROOT}/Manifest.lock\" > /dev/null\nif [ $? != 0 ] ; then\n    # print error to STDERR\n    echo \"error: The sandbox is not in sync with the Podfile.lock. Run 'pod install' or update your CocoaPods installation.\" >&2\n    exit 1\nfi\n# This output is used by Xcode 'outputs' to avoid re-running this script phase.\necho \"SUCCESS\" > \"${SCRIPT_OUTPUT_FILE_0}\"\n";
			showEnvVarsInLog = 0;
		};
/* End PBXShellScriptBuildPhase section */

/* Begin PBXSourcesBuildPhase section */
		AD68F42D2557F4BD0079A85A /* Sources */ = {
			isa = PBXSourcesBuildPhase;
			buildActionMask = 2147483647;
			files = (
				AD68F4352557F4BD0079A85A /* AppDelegate.swift in Sources */,
				AD980BF4256576E400FED804 /* BottomActionButton.swift in Sources */,
				70490D5C99B6F82B924FEB0A /* BaseCollectionViewController.swift in Sources */,
				ADCA3E9B256596D80089FEED /* MissionSelectViewController.swift in Sources */,
				ADCA3E9A256596D80089FEED /* MissionViewController.swift in Sources */,
				AD980C112565775C00FED804 /* ProductViewController.swift in Sources */,
				AD980BEF256576DE00FED804 /* AutoLayoutView.swift in Sources */,
				70490BA374C046B7C7A9A0D4 /* CollectionViewController.swift in Sources */,
				AD980C102565775C00FED804 /* FullProductFrameView.swift in Sources */,
				AD980C122565775C00FED804 /* FullProductView.swift in Sources */,
				70490025331E2EBDD569E5A7 /* HeaderFooterAnimatedCollectionViewController.swift in Sources */,
				704900430AA2EF607E76A18E /* HeaderFooterCollectionViewController.swift in Sources */,
				AD980C0F2565775C00FED804 /* ProductFrameLayoutViewController.swift in Sources */,
				AD980BF9256576EB00FED804 /* FullDescriptionView.swift in Sources */,
				704908770EF2F0749E1F8782 /* UIKitAdditions.swift in Sources */,
				AD980BFE256576F000FED804 /* ScrollableStackView.swift in Sources */,
				704901B5075750C0095B99EA /* UIViewLayout.swift in Sources */,
				70490522D3A2B697BF996A74 /* APIClient.swift in Sources */,
			);
			runOnlyForDeploymentPostprocessing = 0;
		};
		AD68F4432557F4C00079A85A /* Sources */ = {
			isa = PBXSourcesBuildPhase;
			buildActionMask = 2147483647;
			files = (
				AD68F44C2557F4C00079A85A /* WechselnTests.swift in Sources */,
			);
			runOnlyForDeploymentPostprocessing = 0;
		};
		AD68F44E2557F4C00079A85A /* Sources */ = {
			isa = PBXSourcesBuildPhase;
			buildActionMask = 2147483647;
			files = (
				AD68F4572557F4C00079A85A /* WechselnUITests.swift in Sources */,
			);
			runOnlyForDeploymentPostprocessing = 0;
		};
/* End PBXSourcesBuildPhase section */

/* Begin PBXTargetDependency section */
		AD68F4492557F4C00079A85A /* PBXTargetDependency */ = {
			isa = PBXTargetDependency;
			target = AD68F4302557F4BD0079A85A /* Wechseln */;
			targetProxy = AD68F4482557F4C00079A85A /* PBXContainerItemProxy */;
		};
		AD68F4542557F4C00079A85A /* PBXTargetDependency */ = {
			isa = PBXTargetDependency;
			target = AD68F4302557F4BD0079A85A /* Wechseln */;
			targetProxy = AD68F4532557F4C00079A85A /* PBXContainerItemProxy */;
		};
/* End PBXTargetDependency section */

/* Begin PBXVariantGroup section */
		AD68F43F2557F4BF0079A85A /* LaunchScreen.storyboard */ = {
			isa = PBXVariantGroup;
			children = (
				AD68F4402557F4BF0079A85A /* Base */,
			);
			name = LaunchScreen.storyboard;
			sourceTree = "<group>";
		};
		AD980BD725656E2000FED804 /* Main.storyboard */ = {
			isa = PBXVariantGroup;
			children = (
				AD980BD825656E2000FED804 /* Base */,
			);
			name = Main.storyboard;
			sourceTree = "<group>";
		};
/* End PBXVariantGroup section */

/* Begin XCBuildConfiguration section */
		AD68F4592557F4C00079A85A /* Debug */ = {
			isa = XCBuildConfiguration;
			buildSettings = {
				ALWAYS_SEARCH_USER_PATHS = NO;
				CLANG_ANALYZER_NONNULL = YES;
				CLANG_ANALYZER_NUMBER_OBJECT_CONVERSION = YES_AGGRESSIVE;
				CLANG_CXX_LANGUAGE_STANDARD = "gnu++14";
				CLANG_CXX_LIBRARY = "libc++";
				CLANG_ENABLE_MODULES = YES;
				CLANG_ENABLE_OBJC_ARC = YES;
				CLANG_ENABLE_OBJC_WEAK = YES;
				CLANG_WARN_BLOCK_CAPTURE_AUTORELEASING = YES;
				CLANG_WARN_BOOL_CONVERSION = YES;
				CLANG_WARN_COMMA = YES;
				CLANG_WARN_CONSTANT_CONVERSION = YES;
				CLANG_WARN_DEPRECATED_OBJC_IMPLEMENTATIONS = YES;
				CLANG_WARN_DIRECT_OBJC_ISA_USAGE = YES_ERROR;
				CLANG_WARN_DOCUMENTATION_COMMENTS = YES;
				CLANG_WARN_EMPTY_BODY = YES;
				CLANG_WARN_ENUM_CONVERSION = YES;
				CLANG_WARN_INFINITE_RECURSION = YES;
				CLANG_WARN_INT_CONVERSION = YES;
				CLANG_WARN_NON_LITERAL_NULL_CONVERSION = YES;
				CLANG_WARN_OBJC_IMPLICIT_RETAIN_SELF = YES;
				CLANG_WARN_OBJC_LITERAL_CONVERSION = YES;
				CLANG_WARN_OBJC_ROOT_CLASS = YES_ERROR;
				CLANG_WARN_QUOTED_INCLUDE_IN_FRAMEWORK_HEADER = YES;
				CLANG_WARN_RANGE_LOOP_ANALYSIS = YES;
				CLANG_WARN_STRICT_PROTOTYPES = YES;
				CLANG_WARN_SUSPICIOUS_MOVE = YES;
				CLANG_WARN_UNGUARDED_AVAILABILITY = YES_AGGRESSIVE;
				CLANG_WARN_UNREACHABLE_CODE = YES;
				CLANG_WARN__DUPLICATE_METHOD_MATCH = YES;
				COPY_PHASE_STRIP = NO;
				DEBUG_INFORMATION_FORMAT = dwarf;
				ENABLE_STRICT_OBJC_MSGSEND = YES;
				ENABLE_TESTABILITY = YES;
				GCC_C_LANGUAGE_STANDARD = gnu11;
				GCC_DYNAMIC_NO_PIC = NO;
				GCC_NO_COMMON_BLOCKS = YES;
				GCC_OPTIMIZATION_LEVEL = 0;
				GCC_PREPROCESSOR_DEFINITIONS = (
					"DEBUG=1",
					"$(inherited)",
				);
				GCC_WARN_64_TO_32_BIT_CONVERSION = YES;
				GCC_WARN_ABOUT_RETURN_TYPE = YES_ERROR;
				GCC_WARN_UNDECLARED_SELECTOR = YES;
				GCC_WARN_UNINITIALIZED_AUTOS = YES_AGGRESSIVE;
				GCC_WARN_UNUSED_FUNCTION = YES;
				GCC_WARN_UNUSED_VARIABLE = YES;
				IPHONEOS_DEPLOYMENT_TARGET = 13.6;
				MTL_ENABLE_DEBUG_INFO = INCLUDE_SOURCE;
				MTL_FAST_MATH = YES;
				ONLY_ACTIVE_ARCH = YES;
				SDKROOT = iphoneos;
				SWIFT_ACTIVE_COMPILATION_CONDITIONS = DEBUG;
				SWIFT_OPTIMIZATION_LEVEL = "-Onone";
			};
			name = Debug;
		};
		AD68F45A2557F4C00079A85A /* Release */ = {
			isa = XCBuildConfiguration;
			buildSettings = {
				ALWAYS_SEARCH_USER_PATHS = NO;
				CLANG_ANALYZER_NONNULL = YES;
				CLANG_ANALYZER_NUMBER_OBJECT_CONVERSION = YES_AGGRESSIVE;
				CLANG_CXX_LANGUAGE_STANDARD = "gnu++14";
				CLANG_CXX_LIBRARY = "libc++";
				CLANG_ENABLE_MODULES = YES;
				CLANG_ENABLE_OBJC_ARC = YES;
				CLANG_ENABLE_OBJC_WEAK = YES;
				CLANG_WARN_BLOCK_CAPTURE_AUTORELEASING = YES;
				CLANG_WARN_BOOL_CONVERSION = YES;
				CLANG_WARN_COMMA = YES;
				CLANG_WARN_CONSTANT_CONVERSION = YES;
				CLANG_WARN_DEPRECATED_OBJC_IMPLEMENTATIONS = YES;
				CLANG_WARN_DIRECT_OBJC_ISA_USAGE = YES_ERROR;
				CLANG_WARN_DOCUMENTATION_COMMENTS = YES;
				CLANG_WARN_EMPTY_BODY = YES;
				CLANG_WARN_ENUM_CONVERSION = YES;
				CLANG_WARN_INFINITE_RECURSION = YES;
				CLANG_WARN_INT_CONVERSION = YES;
				CLANG_WARN_NON_LITERAL_NULL_CONVERSION = YES;
				CLANG_WARN_OBJC_IMPLICIT_RETAIN_SELF = YES;
				CLANG_WARN_OBJC_LITERAL_CONVERSION = YES;
				CLANG_WARN_OBJC_ROOT_CLASS = YES_ERROR;
				CLANG_WARN_QUOTED_INCLUDE_IN_FRAMEWORK_HEADER = YES;
				CLANG_WARN_RANGE_LOOP_ANALYSIS = YES;
				CLANG_WARN_STRICT_PROTOTYPES = YES;
				CLANG_WARN_SUSPICIOUS_MOVE = YES;
				CLANG_WARN_UNGUARDED_AVAILABILITY = YES_AGGRESSIVE;
				CLANG_WARN_UNREACHABLE_CODE = YES;
				CLANG_WARN__DUPLICATE_METHOD_MATCH = YES;
				COPY_PHASE_STRIP = NO;
				DEBUG_INFORMATION_FORMAT = "dwarf-with-dsym";
				ENABLE_NS_ASSERTIONS = NO;
				ENABLE_STRICT_OBJC_MSGSEND = YES;
				GCC_C_LANGUAGE_STANDARD = gnu11;
				GCC_NO_COMMON_BLOCKS = YES;
				GCC_WARN_64_TO_32_BIT_CONVERSION = YES;
				GCC_WARN_ABOUT_RETURN_TYPE = YES_ERROR;
				GCC_WARN_UNDECLARED_SELECTOR = YES;
				GCC_WARN_UNINITIALIZED_AUTOS = YES_AGGRESSIVE;
				GCC_WARN_UNUSED_FUNCTION = YES;
				GCC_WARN_UNUSED_VARIABLE = YES;
				IPHONEOS_DEPLOYMENT_TARGET = 13.6;
				MTL_ENABLE_DEBUG_INFO = NO;
				MTL_FAST_MATH = YES;
				SDKROOT = iphoneos;
				SWIFT_COMPILATION_MODE = wholemodule;
				SWIFT_OPTIMIZATION_LEVEL = "-O";
				VALIDATE_PRODUCT = YES;
			};
			name = Release;
		};
		AD68F45C2557F4C00079A85A /* Debug */ = {
			isa = XCBuildConfiguration;
			baseConfigurationReference = 7504167C01A42F08A9674D29 /* Pods-Wechseln.debug.xcconfig */;
			buildSettings = {
				ASSETCATALOG_COMPILER_APPICON_NAME = AppIcon;
				CODE_SIGN_STYLE = Automatic;
				DEVELOPMENT_TEAM = WR6ZW3YHXH;
				INFOPLIST_FILE = Wechseln/Info.plist;
				LD_RUNPATH_SEARCH_PATHS = (
					"$(inherited)",
					"@executable_path/Frameworks",
				);
				PRODUCT_BUNDLE_IDENTIFIER = com.dmitrij.Wechseln;
				PRODUCT_NAME = "$(TARGET_NAME)";
				SWIFT_VERSION = 5.0;
				TARGETED_DEVICE_FAMILY = "1,2";
			};
			name = Debug;
		};
		AD68F45D2557F4C00079A85A /* Release */ = {
			isa = XCBuildConfiguration;
			baseConfigurationReference = 37D864975ABF7B944F8601EE /* Pods-Wechseln.release.xcconfig */;
			buildSettings = {
				ASSETCATALOG_COMPILER_APPICON_NAME = AppIcon;
				CODE_SIGN_STYLE = Automatic;
				DEVELOPMENT_TEAM = WR6ZW3YHXH;
				INFOPLIST_FILE = Wechseln/Info.plist;
				LD_RUNPATH_SEARCH_PATHS = (
					"$(inherited)",
					"@executable_path/Frameworks",
				);
				PRODUCT_BUNDLE_IDENTIFIER = com.dmitrij.Wechseln;
				PRODUCT_NAME = "$(TARGET_NAME)";
				SWIFT_VERSION = 5.0;
				TARGETED_DEVICE_FAMILY = "1,2";
			};
			name = Release;
		};
		AD68F45F2557F4C00079A85A /* Debug */ = {
			isa = XCBuildConfiguration;
			baseConfigurationReference = 7EF8B2E37E73C050198BAE96 /* Pods-WechselnTests.debug.xcconfig */;
			buildSettings = {
				ALWAYS_EMBED_SWIFT_STANDARD_LIBRARIES = YES;
				BUNDLE_LOADER = "$(TEST_HOST)";
				CODE_SIGN_STYLE = Automatic;
				INFOPLIST_FILE = WechselnTests/Info.plist;
				IPHONEOS_DEPLOYMENT_TARGET = 13.6;
				LD_RUNPATH_SEARCH_PATHS = (
					"$(inherited)",
					"@executable_path/Frameworks",
					"@loader_path/Frameworks",
				);
				PRODUCT_BUNDLE_IDENTIFIER = com.dmitrij.WechselnTests;
				PRODUCT_NAME = "$(TARGET_NAME)";
				SWIFT_VERSION = 5.0;
				TARGETED_DEVICE_FAMILY = "1,2";
				TEST_HOST = "$(BUILT_PRODUCTS_DIR)/Wechseln.app/Wechseln";
			};
			name = Debug;
		};
		AD68F4602557F4C00079A85A /* Release */ = {
			isa = XCBuildConfiguration;
			baseConfigurationReference = 7D55FF38916E326A8BFA2BAA /* Pods-WechselnTests.release.xcconfig */;
			buildSettings = {
				ALWAYS_EMBED_SWIFT_STANDARD_LIBRARIES = YES;
				BUNDLE_LOADER = "$(TEST_HOST)";
				CODE_SIGN_STYLE = Automatic;
				INFOPLIST_FILE = WechselnTests/Info.plist;
				IPHONEOS_DEPLOYMENT_TARGET = 13.6;
				LD_RUNPATH_SEARCH_PATHS = (
					"$(inherited)",
					"@executable_path/Frameworks",
					"@loader_path/Frameworks",
				);
				PRODUCT_BUNDLE_IDENTIFIER = com.dmitrij.WechselnTests;
				PRODUCT_NAME = "$(TARGET_NAME)";
				SWIFT_VERSION = 5.0;
				TARGETED_DEVICE_FAMILY = "1,2";
				TEST_HOST = "$(BUILT_PRODUCTS_DIR)/Wechseln.app/Wechseln";
			};
			name = Release;
		};
		AD68F4622557F4C00079A85A /* Debug */ = {
			isa = XCBuildConfiguration;
			baseConfigurationReference = C5332F786CEF2E9AFD5EF1E1 /* Pods-WechselnUITests.debug.xcconfig */;
			buildSettings = {
				ALWAYS_EMBED_SWIFT_STANDARD_LIBRARIES = YES;
				CODE_SIGN_STYLE = Automatic;
				INFOPLIST_FILE = WechselnUITests/Info.plist;
				LD_RUNPATH_SEARCH_PATHS = (
					"$(inherited)",
					"@executable_path/Frameworks",
					"@loader_path/Frameworks",
				);
				PRODUCT_BUNDLE_IDENTIFIER = com.dmitrij.WechselnUITests;
				PRODUCT_NAME = "$(TARGET_NAME)";
				SWIFT_VERSION = 5.0;
				TARGETED_DEVICE_FAMILY = "1,2";
				TEST_TARGET_NAME = Wechseln;
			};
			name = Debug;
		};
		AD68F4632557F4C00079A85A /* Release */ = {
			isa = XCBuildConfiguration;
			baseConfigurationReference = 02E508FC3D588A1FF5204364 /* Pods-WechselnUITests.release.xcconfig */;
			buildSettings = {
				ALWAYS_EMBED_SWIFT_STANDARD_LIBRARIES = YES;
				CODE_SIGN_STYLE = Automatic;
				INFOPLIST_FILE = WechselnUITests/Info.plist;
				LD_RUNPATH_SEARCH_PATHS = (
					"$(inherited)",
					"@executable_path/Frameworks",
					"@loader_path/Frameworks",
				);
				PRODUCT_BUNDLE_IDENTIFIER = com.dmitrij.WechselnUITests;
				PRODUCT_NAME = "$(TARGET_NAME)";
				SWIFT_VERSION = 5.0;
				TARGETED_DEVICE_FAMILY = "1,2";
				TEST_TARGET_NAME = Wechseln;
			};
			name = Release;
		};
/* End XCBuildConfiguration section */

/* Begin XCConfigurationList section */
		AD68F42C2557F4BD0079A85A /* Build configuration list for PBXProject "Wechseln" */ = {
			isa = XCConfigurationList;
			buildConfigurations = (
				AD68F4592557F4C00079A85A /* Debug */,
				AD68F45A2557F4C00079A85A /* Release */,
			);
			defaultConfigurationIsVisible = 0;
			defaultConfigurationName = Debug;
		};
		AD68F45B2557F4C00079A85A /* Build configuration list for PBXNativeTarget "Wechseln" */ = {
			isa = XCConfigurationList;
			buildConfigurations = (
				AD68F45C2557F4C00079A85A /* Debug */,
				AD68F45D2557F4C00079A85A /* Release */,
			);
			defaultConfigurationIsVisible = 0;
			defaultConfigurationName = Debug;
		};
		AD68F45E2557F4C00079A85A /* Build configuration list for PBXNativeTarget "WechselnTests" */ = {
			isa = XCConfigurationList;
			buildConfigurations = (
				AD68F45F2557F4C00079A85A /* Debug */,
				AD68F4602557F4C00079A85A /* Release */,
			);
			defaultConfigurationIsVisible = 0;
			defaultConfigurationName = Debug;
		};
		AD68F4612557F4C00079A85A /* Build configuration list for PBXNativeTarget "WechselnUITests" */ = {
			isa = XCConfigurationList;
			buildConfigurations = (
				AD68F4622557F4C00079A85A /* Debug */,
				AD68F4632557F4C00079A85A /* Release */,
			);
			defaultConfigurationIsVisible = 0;
			defaultConfigurationName = Debug;
		};
/* End XCConfigurationList section */
	};
	rootObject = AD68F4292557F4BD0079A85A /* Project object */;
}
